
Microsoft Visual Studio Solution File, Format Version 12.00
# Visual Studio Version 16
VisualStudioVersion = 16.0.31129.286
MinimumVisualStudioVersion = 10.0.40219.1
Project("{FAE04EC0-301F-11D3-BF4B-00C04F79EFBC}") = "SnipNoteTaker", "SnipNoteTaker\SnipNoteTaker.csproj", "{A48FF40F-1FA4-4FF9-9A06-23F82D0DD950}"
EndProject
Global
	GlobalSection(SolutionConfigurationPlatforms) = preSolution
		Debug|Any CPU = Debug|Any CPU
		Release|Any CPU = Release|Any CPU
	EndGlobalSection
	GlobalSection(ProjectConfigurationPlatforms) = postSolution
		{A48FF40F-1FA4-4FF9-9A06-23F82D0DD950}.Debug|Any CPU.ActiveCfg = Debug|Any CPU
		{A48FF40F-1FA4-4FF9-9A06-23F82D0DD950}.Debug|Any CPU.Build.0 = Debug|Any CPU
		{A48FF40F-1FA4-4FF9-9A06-23F82D0DD950}.Release|Any CPU.ActiveCfg = Release|Any CPU
		{A48FF40F-1FA4-4FF9-9A06-23F82D0DD950}.Release|Any CPU.Build.0 = Release|Any CPU
	EndGlobalSection
	GlobalSection(SolutionProperties) = preSolution
		HideSolutionNode = FALSE
	EndGlobalSection
	GlobalSection(ExtensibilityGlobals) = postSolution
		SolutionGuid = {6544AC14-B8C1-4887-B085-9DE3F0DC1AAE}
	EndGlobalSection
EndGlobal
